# THIS IS AN AUTOGENERATED FILE. DO NOT EDIT THIS FILE DIRECTLY.
# yarn lockfile v1


"@shopify/draggable@^1.0.0-beta.8":
  version "1.0.0-beta.8"
  resolved "https://registry.yarnpkg.com/@shopify/draggable/-/draggable-1.0.0-beta.8.tgz#2eb3c2f72298ce3e53fe16f34ab124cc495cd4fc"
  integrity sha512-9IeBPQM93Ad4qFKUopwuTClzoST/1OId4MaSd/8FB5ScCL2tl25UaOGNR8E2hjiL7xK4LN5+I1Ews6amS7YAiA==

delegate@^3.2.0:
  version "3.2.0"
  resolved "https://registry.yarnpkg.com/delegate/-/delegate-3.2.0.tgz#b66b71c3158522e8ab5744f720d8ca0c2af59166"
  integrity sha512-IofjkYBZaZivn0V8nnsMJGBr4jVLxHDheKSW88PyxS5QC4Vo9ZbZVvhzlSxY87fVq3STR6r+4cGepyHkcWOQSw==

dragdrop-js@^1.0.0:
  version "1.0.0"
  resolved "https://registry.yarnpkg.com/dragdrop-js/-/dragdrop-js-1.0.0.tgz#d17ca04c34933dfe3e3ad7fd6775bc3dbf0ad3ea"
  integrity sha1-0XygTDSTPf4+Otf9Z3W8Pb8K0+o=
